// !$*UTF8*$!
{
	archiveVersion = 1;
	classes = {
	};
	objectVersion = 77;
	objects = {

/* Begin PBXContainerItemProxy section */
		29C96A602F2EC01A00B59FA5 /* PBXContainerItemProxy */ = {
			isa = PBXContainerItemProxy;
			containerPortal = 29C96A472F2EC01900B59FA5 /* Project object */;
			proxyType = 1;
			remoteGlobalIDString = 29C96A4E2F2EC01900B59FA5;
			remoteInfo = Accountabilibuddy;
		};
		29C96A6A2F2EC01A00B59FA5 /* PBXContainerItemProxy */ = {
			isa = PBXContainerItemProxy;
			containerPortal = 29C96A472F2EC01900B59FA5 /* Project object */;
			proxyType = 1;
			remoteGlobalIDString = 29C96A4E2F2EC01900B59FA5;
			remoteInfo = Accountabilibuddy;
		};
/* End PBXContainerItemProxy section */

/* Begin PBXFileReference section */
		29C96A4F2F2EC01900B59FA5 /* Accountabilibuddy.app */ = {isa = PBXFileReference; explicitFileType = wrapper.application; includeInIndex = 0; path = Accountabilibuddy.app; sourceTree = BUILT_PRODUCTS_DIR; };
		29C96A5F2F2EC01A00B59FA5 /* AccountabilibuddyTests.xctest */ = {isa = PBXFileReference; explicitFileType = wrapper.cfbundle; includeInIndex = 0; path = AccountabilibuddyTests.xctest; sourceTree = BUILT_PRODUCTS_DIR; };
		29C96A692F2EC01A00B59FA5 /* AccountabilibuddyUITests.xctest */ = {isa = PBXFileReference; explicitFileType = wrapper.cfbundle; includeInIndex = 0; path = AccountabilibuddyUITests.xctest; sourceTree = BUILT_PRODUCTS_DIR; };
/* End PBXFileReference section */

/* Begin PBXFileSystemSynchronizedRootGroup section */
		29C96A512F2EC01900B59FA5 /* Accountabilibuddy */ = {
			isa = PBXFileSystemSynchronizedRootGroup;
			path = Accountabilibuddy;
			sourceTree = "<group>";
		};
		29C96A622F2EC01A00B59FA5 /* AccountabilibuddyTests */ = {
			isa = PBXFileSystemSynchronizedRootGroup;
			path = AccountabilibuddyTests;
			sourceTree = "<group>";
		};
		29C96A6C2F2EC01A00B59FA5 /* AccountabilibuddyUITests */ = {
			isa = PBXFileSystemSynchronizedRootGroup;
			path = AccountabilibuddyUITests;
			sourceTree = "<group>";
		};
/* End PBXFileSystemSynchronizedRootGroup section */

/* Begin PBXFrameworksBuildPhase section */
		29C96A4C2F2EC01900B59FA5 /* Frameworks */ = {
			isa = PBXFrameworksBuildPhase;
			buildActionMask = 2147483647;
			files = (
			);
			runOnlyForDeploymentPostprocessing = 0;
		};
		29C96A5C2F2EC01A00B59FA5 /* Frameworks */ = {
			isa = PBXFrameworksBuildPhase;
			buildActionMask = 2147483647;
			files = (
			);
			runOnlyForDeploymentPostprocessing = 0;
		};
		29C96A662F2EC01A00B59FA5 /* Frameworks */ = {
			isa = PBXFrameworksBuildPhase;
			buildActionMask = 2147483647;
			files = (
			);
			runOnlyForDeploymentPostprocessing = 0;
		};
/* End PBXFrameworksBuildPhase section */

/* Begin PBXGroup section */
		29C96A462F2EC01900B59FA5 = {
			isa = PBXGroup;
			children = (
				29C96A512F2EC01900B59FA5 /* Accountabilibuddy */,
				29C96A622F2EC01A00B59FA5 /* AccountabilibuddyTests */,
				29C96A6C2F2EC01A00B59FA5 /* AccountabilibuddyUITests */,
				29C96A502F2EC01900B59FA5 /* Products */,
			);
			sourceTree = "<group>";
		};
		29C96A502F2EC01900B59FA5 /* Products */ = {
			isa = PBXGroup;
			children = (
				29C96A4F2F2EC01900B59FA5 /* Accountabilibuddy.app */,
				29C96A5F2F2EC01A00B59FA5 /* AccountabilibuddyTests.xctest */,
				29C96A692F2EC01A00B59FA5 /* AccountabilibuddyUITests.xctest */,
			);
			name = Products;
			sourceTree = "<group>";
		};
/* End PBXGroup section */

/* Begin PBXNativeTarget section */
		29C96A4E2F2EC01900B59FA5 /* Accountabilibuddy */ = {
			isa = PBXNativeTarget;
			buildConfigurationList = 29C96A732F2EC01A00B59FA5 /* Build configuration list for PBXNativeTarget "Accountabilibuddy" */;
			buildPhases = (
				29C96A4B2F2EC01900B59FA5 /* Sources */,
				29C96A4C2F2EC01900B59FA5 /* Frameworks */,
				29C96A4D2F2EC01900B59FA5 /* Resources */,
			);
			buildRules = (
			);
			dependencies = (
			);
			fileSystemSynchronizedGroups = (
				29C96A512F2EC01900B59FA5 /* Accountabilibuddy */,
			);
			name = Accountabilibuddy;
			packageProductDependencies = (
			);
			productName = Accountabilibuddy;
			productReference = 29C96A4F2F2EC01900B59FA5 /* Accountabilibuddy.app */;
			productType = "com.apple.product-type.application";
		};
		29C96A5E2F2EC01A00B59FA5 /* AccountabilibuddyTests */ = {
			isa = PBXNativeTarget;
			buildConfigurationList = 29C96A762F2EC01A00B59FA5 /* Build configuration list for PBXNativeTarget "AccountabilibuddyTests" */;
			buildPhases = (
				29C96A5B2F2EC01A00B59FA5 /* Sources */,
				29C96A5C2F2EC01A00B59FA5 /* Frameworks */,
				29C96A5D2F2EC01A00B59FA5 /* Resources */,
			);
			buildRules = (
			);
			dependencies = (
				29C96A612F2EC01A00B59FA5 /* PBXTargetDependency */,
			);
			fileSystemSynchronizedGroups = (
				29C96A622F2EC01A00B59FA5 /* AccountabilibuddyTests */,
			);
			name = AccountabilibuddyTests;
			packageProductDependencies = (
			);
			productName = AccountabilibuddyTests;
			productReference = 29C96A5F2F2EC01A00B59FA5 /* AccountabilibuddyTests.xctest */;
			productType = "com.apple.product-type.bundle.unit-test";
		};
		29C96A682F2EC01A00B59FA5 /* AccountabilibuddyUITests */ = {
			isa = PBXNativeTarget;
			buildConfigurationList = 29C96A792F2EC01A00B59FA5 /* Build configuration list for PBXNativeTarget "AccountabilibuddyUITests" */;
			buildPhases = (
				29C96A652F2EC01A00B59FA5 /* Sources */,
				29C96A662F2EC01A00B59FA5 /* Frameworks */,
				29C96A672F2EC01A00B59FA5 /* Resources */,
			);
			buildRules = (
			);
			dependencies = (
				29C96A6B2F2EC01A00B59FA5 /* PBXTargetDependency */,
			);
			fileSystemSynchronizedGroups = (
				29C96A6C2F2EC01A00B59FA5 /* AccountabilibuddyUITests */,
			);
			name = AccountabilibuddyUITests;
			packageProductDependencies = (
			);
			productName = AccountabilibuddyUITests;
			productReference = 29C96A692F2EC01A00B59FA5 /* AccountabilibuddyUITests.xctest */;
			productType = "com.apple.product-type.bundle.ui-testing";
		};
/* End PBXNativeTarget section */

/* Begin PBXProject section */
		29C96A472F2EC01900B59FA5 /* Project object */ = {
			isa = PBXProject;
			attributes = {
				BuildIndependentTargetsInParallel = 1;
				LastSwiftUpdateCheck = 1620;
				LastUpgradeCheck = 1620;
				TargetAttributes = {
					29C96A4E2F2EC01900B59FA5 = {
						CreatedOnToolsVersion = 16.2;
					};
					29C96A5E2F2EC01A00B59FA5 = {
						CreatedOnToolsVersion = 16.2;
						TestTargetID = 29C96A4E2F2EC01900B59FA5;
					};
					29C96A682F2EC01A00B59FA5 = {
						CreatedOnToolsVersion = 16.2;
						TestTargetID = 29C96A4E2F2EC01900B59FA5;
					};
				};
			};
			buildConfigurationList = 29C96A4A2F2EC01900B59FA5 /* Build configuration list for PBXProject "Accountabilibuddy" */;
			developmentRegion = en;
			hasScannedForEncodings = 0;
			knownRegions = (
				en,
				Base,
			);
			mainGroup = 29C96A462F2EC01900B59FA5;
			minimizedProjectReferenceProxies = 1;
			preferredProjectObjectVersion = 77;
			productRefGroup = 29C96A502F2EC01900B59FA5 /* Products */;
			projectDirPath = "";
			projectRoot = "";
			targets = (
				29C96A4E2F2EC01900B59FA5 /* Accountabilibuddy */,
				29C96A5E2F2EC01A00B59FA5 /* AccountabilibuddyTests */,
				29C96A682F2EC01A00B59FA5 /* AccountabilibuddyUITests */,
			);
		};
/* End PBXProject section */

/* Begin PBXResourcesBuildPhase section */
		29C96A4D2F2EC01900B59FA5 /* Resources */ = {
			isa = PBXResourcesBuildPhase;
			buildActionMask = 2147483647;
			files = (
			);
			runOnlyForDeploymentPostprocessing = 0;
		};
		29C96A5D2F2EC01A00B59FA5 /* Resources */ = {
			isa = PBXResourcesBuildPhase;
			buildActionMask = 2147483647;
			files = (
			);
			runOnlyForDeploymentPostprocessing = 0;
		};
		29C96A672F2EC01A00B59FA5 /* Resources */ = {
			isa = PBXResourcesBuildPhase;
			buildActionMask = 2147483647;
			files = (
			);
			runOnlyForDeploymentPostprocessing = 0;
		};
/* End PBXResourcesBuildPhase section */

/* Begin PBXSourcesBuildPhase section */
		29C96A4B2F2EC01900B59FA5 /* Sources */ = {
			isa = PBXSourcesBuildPhase;
			buildActionMask = 2147483647;
			files = (
			);
			runOnlyForDeploymentPostprocessing = 0;
		};
		29C96A5B2F2EC01A00B59FA5 /* Sources */ = {
			isa = PBXSourcesBuildPhase;
			buildActionMask = 2147483647;
			files = (
			);
			runOnlyForDeploymentPostprocessing = 0;
		};
		29C96A652F2EC01A00B59FA5 /* Sources */ = {
			isa = PBXSourcesBuildPhase;
			buildActionMask = 2147483647;
			files = (
			);
			runOnlyForDeploymentPostprocessing = 0;
		};
/* End PBXSourcesBuildPhase section */

/* Begin PBXTargetDependency section */
		29C96A612F2EC01A00B59FA5 /* PBXTargetDependency */ = {
			isa = PBXTargetDependency;
			target = 29C96A4E2F2EC01900B59FA5 /* Accountabilibuddy */;
			targetProxy = 29C96A602F2EC01A00B59FA5 /* PBXContainerItemProxy */;
		};
		29C96A6B2F2EC01A00B59FA5 /* PBXTargetDependency */ = {
			isa = PBXTargetDependency;
			target = 29C96A4E2F2EC01900B59FA5 /* Accountabilibuddy */;
			targetProxy = 29C96A6A2F2EC01A00B59FA5 /* PBXContainerItemProxy */;
		};
/* End PBXTargetDependency section */

/* Begin XCBuildConfiguration section */
		29C96A712F2EC01A00B59FA5 /* Debug */ = {
			isa = XCBuildConfiguration;
			buildSettings = {
				ALWAYS_SEARCH_USER_PATHS = NO;
				ASSETCATALOG_COMPILER_GENERATE_SWIFT_ASSET_SYMBOL_EXTENSIONS = YES;
				CLANG_ANALYZER_NONNULL = YES;
				CLANG_ANALYZER_NUMBER_OBJECT_CONVERSION = YES_AGGRESSIVE;
				CLANG_CXX_LANGUAGE_STANDARD = "gnu++20";
				CLANG_ENABLE_MODULES = YES;
				CLANG_ENABLE_OBJC_ARC = YES;
				CLANG_ENABLE_OBJC_WEAK = YES;
				CLANG_WARN_BLOCK_CAPTURE_AUTORELEASING = YES;
				CLANG_WARN_BOOL_CONVERSION = YES;
				CLANG_WARN_COMMA = YES;
				CLANG_WARN_CONSTANT_CONVERSION = YES;
				CLANG_WARN_DEPRECATED_OBJC_IMPLEMENTATIONS = YES;
				CLANG_WARN_DIRECT_OBJC_ISA_USAGE = YES_ERROR;
				CLANG_WARN_DOCUMENTATION_COMMENTS = YES;
				CLANG_WARN_EMPTY_BODY = YES;
				CLANG_WARN_ENUM_CONVERSION = YES;
				CLANG_WARN_INFINITE_RECURSION = YES;
				CLANG_WARN_INT_CONVERSION = YES;
				CLANG_WARN_NON_LITERAL_NULL_CONVERSION = YES;
				CLANG_WARN_OBJC_IMPLICIT_RETAIN_SELF = YES;
				CLANG_WARN_OBJC_LITERAL_CONVERSION = YES;
				CLANG_WARN_OBJC_ROOT_CLASS = YES_ERROR;
				CLANG_WARN_QUOTED_INCLUDE_IN_FRAMEWORK_HEADER = YES;
				CLANG_WARN_RANGE_LOOP_ANALYSIS = YES;
				CLANG_WARN_STRICT_PROTOTYPES = YES;
				CLANG_WARN_SUSPICIOUS_MOVE = YES;
				CLANG_WARN_UNGUARDED_AVAILABILITY = YES_AGGRESSIVE;
				CLANG_WARN_UNREACHABLE_CODE = YES;
				CLANG_WARN__DUPLICATE_METHOD_MATCH = YES;
				COPY_PHASE_STRIP = NO;
				DEBUG_INFORMATION_FORMAT = dwarf;
				ENABLE_STRICT_OBJC_MSGSEND = YES;
				ENABLE_TESTABILITY = YES;
				ENABLE_USER_SCRIPT_SANDBOXING = YES;
				GCC_C_LANGUAGE_STANDARD = gnu17;
				GCC_DYNAMIC_NO_PIC = NO;
				GCC_NO_COMMON_BLOCKS = YES;
				GCC_OPTIMIZATION_LEVEL = 0;
				GCC_PREPROCESSOR_DEFINITIONS = (
					"DEBUG=1",
					"$(inherited)",
				);
				GCC_WARN_64_TO_32_BIT_CONVERSION = YES;
				GCC_WARN_ABOUT_RETURN_TYPE = YES_ERROR;
				GCC_WARN_UNDECLARED_SELECTOR = YES;
				GCC_WARN_UNINITIALIZED_AUTOS = YES_AGGRESSIVE;
				GCC_WARN_UNUSED_FUNCTION = YES;
				GCC_WARN_UNUSED_VARIABLE = YES;
				IPHONEOS_DEPLOYMENT_TARGET = 18.2;
				LOCALIZATION_PREFERS_STRING_CATALOGS = YES;
				MTL_ENABLE_DEBUG_INFO = INCLUDE_SOURCE;
				MTL_FAST_MATH = YES;
				ONLY_ACTIVE_ARCH = YES;
				SDKROOT = iphoneos;
				SWIFT_ACTIVE_COMPILATION_CONDITIONS = "DEBUG $(inherited)";
				SWIFT_OPTIMIZATION_LEVEL = "-Onone";
			};
			name = Debug;
		};
		29C96A722F2EC01A00B59FA5 /* Release */ = {
			isa = XCBuildConfiguration;
			buildSettings = {
				ALWAYS_SEARCH_USER_PATHS = NO;
				ASSETCATALOG_COMPILER_GENERATE_SWIFT_ASSET_SYMBOL_EXTENSIONS = YES;
				CLANG_ANALYZER_NONNULL = YES;
				CLANG_ANALYZER_NUMBER_OBJECT_CONVERSION = YES_AGGRESSIVE;
				CLANG_CXX_LANGUAGE_STANDARD = "gnu++20";
				CLANG_ENABLE_MODULES = YES;
				CLANG_ENABLE_OBJC_ARC = YES;
				CLANG_ENABLE_OBJC_WEAK = YES;
				CLANG_WARN_BLOCK_CAPTURE_AUTORELEASING = YES;
				CLANG_WARN_BOOL_CONVERSION = YES;
				CLANG_WARN_COMMA = YES;
				CLANG_WARN_CONSTANT_CONVERSION = YES;
				CLANG_WARN_DEPRECATED_OBJC_IMPLEMENTATIONS = YES;
				CLANG_WARN_DIRECT_OBJC_ISA_USAGE = YES_ERROR;
				CLANG_WARN_DOCUMENTATION_COMMENTS = YES;
				CLANG_WARN_EMPTY_BODY = YES;
				CLANG_WARN_ENUM_CONVERSION = YES;
				CLANG_WARN_INFINITE_RECURSION = YES;
				CLANG_WARN_INT_CONVERSION = YES;
				CLANG_WARN_NON_LITERAL_NULL_CONVERSION = YES;
				CLANG_WARN_OBJC_IMPLICIT_RETAIN_SELF = YES;
				CLANG_WARN_OBJC_LITERAL_CONVERSION = YES;
				CLANG_WARN_OBJC_ROOT_CLASS = YES_ERROR;
				CLANG_WARN_QUOTED_INCLUDE_IN_FRAMEWORK_HEADER = YES;
				CLANG_WARN_RANGE_LOOP_ANALYSIS = YES;
				CLANG_WARN_STRICT_PROTOTYPES = YES;
				CLANG_WARN_SUSPICIOUS_MOVE = YES;
				CLANG_WARN_UNGUARDED_AVAILABILITY = YES_AGGRESSIVE;
				CLANG_WARN_UNREACHABLE_CODE = YES;
				CLANG_WARN__DUPLICATE_METHOD_MATCH = YES;
				COPY_PHASE_STRIP = NO;
				DEBUG_INFORMATION_FORMAT = "dwarf-with-dsym";
				ENABLE_NS_ASSERTIONS = NO;
				ENABLE_STRICT_OBJC_MSGSEND = YES;
				ENABLE_USER_SCRIPT_SANDBOXING = YES;
				GCC_C_LANGUAGE_STANDARD = gnu17;
				GCC_NO_COMMON_BLOCKS = YES;
				GCC_WARN_64_TO_32_BIT_CONVERSION = YES;
				GCC_WARN_ABOUT_RETURN_TYPE = YES_ERROR;
				GCC_WARN_UNDECLARED_SELECTOR = YES;
				GCC_WARN_UNINITIALIZED_AUTOS = YES_AGGRESSIVE;
				GCC_WARN_UNUSED_FUNCTION = YES;
				GCC_WARN_UNUSED_VARIABLE = YES;
				IPHONEOS_DEPLOYMENT_TARGET = 18.2;
				LOCALIZATION_PREFERS_STRING_CATALOGS = YES;
				MTL_ENABLE_DEBUG_INFO = NO;
				MTL_FAST_MATH = YES;
				SDKROOT = iphoneos;
				SWIFT_COMPILATION_MODE = wholemodule;
				VALIDATE_PRODUCT = YES;
			};
			name = Release;
		};
		29C96A742F2EC01A00B59FA5 /* Debug */ = {
			isa = XCBuildConfiguration;
			buildSettings = {
				ASSETCATALOG_COMPILER_APPICON_NAME = AppIcon;
				ASSETCATALOG_COMPILER_GLOBAL_ACCENT_COLOR_NAME = AccentColor;
				CODE_SIGN_STYLE = Automatic;
				CURRENT_PROJECT_VERSION = 1;
				DEVELOPMENT_ASSET_PATHS = "\"Accountabilibuddy/Preview Content\"";
				ENABLE_PREVIEWS = YES;
				GENERATE_INFOPLIST_FILE = YES;
				INFOPLIST_KEY_UIApplicationSceneManifest_Generation = YES;
				INFOPLIST_KEY_UIApplicationSupportsIndirectInputEvents = YES;
				INFOPLIST_KEY_UILaunchScreen_Generation = YES;
				INFOPLIST_KEY_UISupportedInterfaceOrientations_iPad = "UIInterfaceOrientationPortrait UIInterfaceOrientationPortraitUpsideDown UIInterfaceOrientationLandscapeLeft UIInterfaceOrientationLandscapeRight";
				INFOPLIST_KEY_UISupportedInterfaceOrientations_iPhone = "UIInterfaceOrientationPortrait UIInterfaceOrientationLandscapeLeft UIInterfaceOrientationLandscapeRight";
				LD_RUNPATH_SEARCH_PATHS = (
					"$(inherited)",
					"@executable_path/Frameworks",
				);
				MARKETING_VERSION = 1.0;
				PRODUCT_BUNDLE_IDENTIFIER = com.matthewburrell.Accountabilibuddy;
				PRODUCT_NAME = "$(TARGET_NAME)";
				SWIFT_EMIT_LOC_STRINGS = YES;
				SWIFT_VERSION = 5.0;
				TARGETED_DEVICE_FAMILY = "1,2";
			};
			name = Debug;
		};
		29C96A752F2EC01A00B59FA5 /* Release */ = {
			isa = XCBuildConfiguration;
			buildSettings = {
				ASSETCATALOG_COMPILER_APPICON_NAME = AppIcon;
				ASSETCATALOG_COMPILER_GLOBAL_ACCENT_COLOR_NAME = AccentColor;
				CODE_SIGN_STYLE = Automatic;
				CURRENT_PROJECT_VERSION = 1;
				DEVELOPMENT_ASSET_PATHS = "\"Accountabilibuddy/Preview Content\"";
				ENABLE_PREVIEWS = YES;
				GENERATE_INFOPLIST_FILE = YES;
				INFOPLIST_KEY_UIApplicationSceneManifest_Generation = YES;
				INFOPLIST_KEY_UIApplicationSupportsIndirectInputEvents = YES;
				INFOPLIST_KEY_UILaunchScreen_Generation = YES;
				INFOPLIST_KEY_UISupportedInterfaceOrientations_iPad = "UIInterfaceOrientationPortrait UIInterfaceOrientationPortraitUpsideDown UIInterfaceOrientationLandscapeLeft UIInterfaceOrientationLandscapeRight";
				INFOPLIST_KEY_UISupportedInterfaceOrientations_iPhone = "UIInterfaceOrientationPortrait UIInterfaceOrientationLandscapeLeft UIInterfaceOrientationLandscapeRight";
				LD_RUNPATH_SEARCH_PATHS = (
					"$(inherited)",
					"@executable_path/Frameworks",
				);
				MARKETING_VERSION = 1.0;
				PRODUCT_BUNDLE_IDENTIFIER = com.matthewburrell.Accountabilibuddy;
				PRODUCT_NAME = "$(TARGET_NAME)";
				SWIFT_EMIT_LOC_STRINGS = YES;
				SWIFT_VERSION = 5.0;
				TARGETED_DEVICE_FAMILY = "1,2";
			};
			name = Release;
		};
		29C96A772F2EC01A00B59FA5 /* Debug */ = {
			isa = XCBuildConfiguration;
			buildSettings = {
				BUNDLE_LOADER = "$(TEST_HOST)";
				CODE_SIGN_STYLE = Automatic;
				CURRENT_PROJECT_VERSION = 1;
				GENERATE_INFOPLIST_FILE = YES;
				IPHONEOS_DEPLOYMENT_TARGET = 18.2;
				MARKETING_VERSION = 1.0;
				PRODUCT_BUNDLE_IDENTIFIER = com.matthewburrell.AccountabilibuddyTests;
				PRODUCT_NAME = "$(TARGET_NAME)";
				SWIFT_EMIT_LOC_STRINGS = NO;
				SWIFT_VERSION = 5.0;
				TARGETED_DEVICE_FAMILY = "1,2";
				TEST_HOST = "$(BUILT_PRODUCTS_DIR)/Accountabilibuddy.app/$(BUNDLE_EXECUTABLE_FOLDER_PATH)/Accountabilibuddy";
			};
			name = Debug;
		};
		29C96A782F2EC01A00B59FA5 /* Release */ = {
			isa = XCBuildConfiguration;
			buildSettings = {
				BUNDLE_LOADER = "$(TEST_HOST)";
				CODE_SIGN_STYLE = Automatic;
				CURRENT_PROJECT_VERSION = 1;
				GENERATE_INFOPLIST_FILE = YES;
				IPHONEOS_DEPLOYMENT_TARGET = 18.2;
				MARKETING_VERSION = 1.0;
				PRODUCT_BUNDLE_IDENTIFIER = com.matthewburrell.AccountabilibuddyTests;
				PRODUCT_NAME = "$(TARGET_NAME)";
				SWIFT_EMIT_LOC_STRINGS = NO;
				SWIFT_VERSION = 5.0;
				TARGETED_DEVICE_FAMILY = "1,2";
				TEST_HOST = "$(BUILT_PRODUCTS_DIR)/Accountabilibuddy.app/$(BUNDLE_EXECUTABLE_FOLDER_PATH)/Accountabilibuddy";
			};
			name = Release;
		};
		29C96A7A2F2EC01A00B59FA5 /* Debug */ = {
			isa = XCBuildConfiguration;
			buildSettings = {
				CODE_SIGN_STYLE = Automatic;
				CURRENT_PROJECT_VERSION = 1;
				GENERATE_INFOPLIST_FILE = YES;
				MARKETING_VERSION = 1.0;
				PRODUCT_BUNDLE_IDENTIFIER = com.matthewburrell.AccountabilibuddyUITests;
				PRODUCT_NAME = "$(TARGET_NAME)";
				SWIFT_EMIT_LOC_STRINGS = NO;
				SWIFT_VERSION = 5.0;
				TARGETED_DEVICE_FAMILY = "1,2";
				TEST_TARGET_NAME = Accountabilibuddy;
			};
			name = Debug;
		};
		29C96A7B2F2EC01A00B59FA5 /* Release */ = {
			isa = XCBuildConfiguration;
			buildSettings = {
				CODE_SIGN_STYLE = Automatic;
				CURRENT_PROJECT_VERSION = 1;
				GENERATE_INFOPLIST_FILE = YES;
				MARKETING_VERSION = 1.0;
				PRODUCT_BUNDLE_IDENTIFIER = com.matthewburrell.AccountabilibuddyUITests;
				PRODUCT_NAME = "$(TARGET_NAME)";
				SWIFT_EMIT_LOC_STRINGS = NO;
				SWIFT_VERSION = 5.0;
				TARGETED_DEVICE_FAMILY = "1,2";
				TEST_TARGET_NAME = Accountabilibuddy;
			};
			name = Release;
		};
/* End XCBuildConfiguration section */

/* Begin XCConfigurationList section */
		29C96A4A2F2EC01900B59FA5 /* Build configuration list for PBXProject "Accountabilibuddy" */ = {
			isa = XCConfigurationList;
			buildConfigurations = (
				29C96A712F2EC01A00B59FA5 /* Debug */,
				29C96A722F2EC01A00B59FA5 /* Release */,
			);
			defaultConfigurationIsVisible = 0;
			defaultConfigurationName = Release;
		};
		29C96A732F2EC01A00B59FA5 /* Build configuration list for PBXNativeTarget "Accountabilibuddy" */ = {
			isa = XCConfigurationList;
			buildConfigurations = (
				29C96A742F2EC01A00B59FA5 /* Debug */,
				29C96A752F2EC01A00B59FA5 /* Release */,
			);
			defaultConfigurationIsVisible = 0;
			defaultConfigurationName = Release;
		};
		29C96A762F2EC01A00B59FA5 /* Build configuration list for PBXNativeTarget "AccountabilibuddyTests" */ = {
			isa = XCConfigurationList;
			buildConfigurations = (
				29C96A772F2EC01A00B59FA5 /* Debug */,
				29C96A782F2EC01A00B59FA5 /* Release */,
			);
			defaultConfigurationIsVisible = 0;
			defaultConfigurationName = Release;
		};
		29C96A792F2EC01A00B59FA5 /* Build configuration list for PBXNativeTarget "AccountabilibuddyUITests" */ = {
			isa = XCConfigurationList;
			buildConfigurations = (
				29C96A7A2F2EC01A00B59FA5 /* Debug */,
				29C96A7B2F2EC01A00B59FA5 /* Release */,
			);
			defaultConfigurationIsVisible = 0;
			defaultConfigurationName = Release;
		};
/* End XCConfigurationList section */
	};
	rootObject = 29C96A472F2EC01900B59FA5 /* Project object */;
}
